
Microsoft Visual Studio Solution File, Format Version 12.00
# Visual Studio Version 17
VisualStudioVersion = 17.14.36414.22
MinimumVisualStudioVersion = 10.0.40219.1
Project("{FAE04EC0-301F-11D3-BF4B-00C04F79EFBC}") = "TechBayV01", "TechBayV01\TechBayV01.csproj", "{B93DB712-5EB1-4B65-988B-CCEEA6E763E3}"
EndProject
Global
	GlobalSection(SolutionConfigurationPlatforms) = preSolution
		Debug|Any CPU = Debug|Any CPU
		Release|Any CPU = Release|Any CPU
	EndGlobalSection
	GlobalSection(ProjectConfigurationPlatforms) = postSolution
		{B93DB712-5EB1-4B65-988B-CCEEA6E763E3}.Debug|Any CPU.ActiveCfg = Debug|Any CPU
		{B93DB712-5EB1-4B65-988B-CCEEA6E763E3}.Debug|Any CPU.Build.0 = Debug|Any CPU
		{B93DB712-5EB1-4B65-988B-CCEEA6E763E3}.Release|Any CPU.ActiveCfg = Release|Any CPU
		{B93DB712-5EB1-4B65-988B-CCEEA6E763E3}.Release|Any CPU.Build.0 = Release|Any CPU
	EndGlobalSection
	GlobalSection(SolutionProperties) = preSolution
		HideSolutionNode = FALSE
	EndGlobalSection
	GlobalSection(ExtensibilityGlobals) = postSolution
		SolutionGuid = {D4A1519D-D9C4-4D9D-A860-96F1DCBB58C2}
	EndGlobalSection
EndGlobal
